{
    "name": "formList",
    "version": "2.1.0",
    "lockfileVersion": 1,
    "requires": true,
    "dependencies": {
        "@types/html5plus": {
            "version": "1.0.1",
            "resolved": "https://registry.npmjs.org/@types/html5plus/-/html5plus-1.0.1.tgz",
            "integrity": "sha512-ska1eyYbGO7zsru2KTjZ/CWtSjOXh92/K/QMdgSddkyr1ZplIybOzeS1u61scyxAKRvz6Yd9TRL+LQSBVyGUJw==",
            "dev": true
        },
        "@types/uni-app": {
            "version": "1.4.3",
            "resolved": "https://registry.npmjs.org/@types/uni-app/-/uni-app-1.4.3.tgz",
            "integrity": "sha512-i2P+ARDpMWrAlubqp54LYBEAxZhPML3kHW9qLxwK7ZvInoI8xaYDDhqukp5xisBftVrZ7+jUa7spCDXy6qBMvQ==",
            "dev": true,
            "requires": {
                "vue": "^2.6.8"
            }
        },
        "crypto-js": {
            "version": "4.0.0",
            "resolved": "https://registry.npmjs.org/crypto-js/-/crypto-js-4.0.0.tgz",
            "integrity": "sha512-bzHZN8Pn+gS7DQA6n+iUmBfl0hO5DJq++QP3U6uTucDtk/0iGpXd/Gg7CGR0p8tJhofJyaKoWBuJI4eAO00BBg=="
        },
        "vue": {
            "version": "2.6.12",
            "resolved": "https://registry.npmjs.org/vue/-/vue-2.6.12.tgz",
            "integrity": "sha512-uhmLFETqPPNyuLLbsKz6ioJ4q7AZHzD8ZVFNATNyICSZouqP2Sz0rotWQC8UNBF6VGSCs5abnKJoStA6JbCbfg==",
            "dev": true
        }
    }
}
